
Microsoft Visual Studio Solution File, Format Version 12.00
# Visual Studio Version 16
VisualStudioVersion = 16.0.30413.136
MinimumVisualStudioVersion = 10.0.40219.1
Project("{FAE04EC0-301F-11D3-BF4B-00C04F79EFBC}") = "MetehanTopac_CalculatorOOP", "MetehanTopac_CalculatorOOP\MetehanTopac_CalculatorOOP.csproj", "{58A81CC8-BDA5-4E0D-A81A-F46F161B6D48}"
EndProject
Global
	GlobalSection(SolutionConfigurationPlatforms) = preSolution
		Debug|Any CPU = Debug|Any CPU
		Release|Any CPU = Release|Any CPU
	EndGlobalSection
	GlobalSection(ProjectConfigurationPlatforms) = postSolution
		{58A81CC8-BDA5-4E0D-A81A-F46F161B6D48}.Debug|Any CPU.ActiveCfg = Debug|Any CPU
		{58A81CC8-BDA5-4E0D-A81A-F46F161B6D48}.Debug|Any CPU.Build.0 = Debug|Any CPU
		{58A81CC8-BDA5-4E0D-A81A-F46F161B6D48}.Release|Any CPU.ActiveCfg = Release|Any CPU
		{58A81CC8-BDA5-4E0D-A81A-F46F161B6D48}.Release|Any CPU.Build.0 = Release|Any CPU
	EndGlobalSection
	GlobalSection(SolutionProperties) = preSolution
		HideSolutionNode = FALSE
	EndGlobalSection
	GlobalSection(ExtensibilityGlobals) = postSolution
		SolutionGuid = {68B1170C-8AD2-42BE-ABCC-F559C9FCFC77}
	EndGlobalSection
EndGlobal
